// !$*UTF8*$!
{
	archiveVersion = 1;
	classes = {
	};
	objectVersion = 46;
	objects = {

/* Begin PBXBuildFile section */
		F9272EA219E27E09007A5C61 /* main.m in Sources */ = {isa = PBXBuildFile; fileRef = F9272EA119E27E09007A5C61 /* main.m */; };
		F9272EAD19E27E09007A5C61 /* Images.xcassets in Resources */ = {isa = PBXBuildFile; fileRef = F9272EAC19E27E09007A5C61 /* Images.xcassets */; };
		F9272EBC19E27E09007A5C61 /* CHQPullToRefreshTests.m in Sources */ = {isa = PBXBuildFile; fileRef = F9272EBB19E27E09007A5C61 /* CHQPullToRefreshTests.m */; };
		F9272ED919E27EF0007A5C61 /* AppDelegate.m in Sources */ = {isa = PBXBuildFile; fileRef = F9272EC619E27EF0007A5C61 /* AppDelegate.m */; };
		F9272EDA19E27EF0007A5C61 /* CollectionViewCell.m in Sources */ = {isa = PBXBuildFile; fileRef = F9272EC819E27EF0007A5C61 /* CollectionViewCell.m */; };
		F9272EDB19E27EF0007A5C61 /* CollectionViewController.m in Sources */ = {isa = PBXBuildFile; fileRef = F9272ECA19E27EF0007A5C61 /* CollectionViewController.m */; };
		F9272EDC19E27EF0007A5C61 /* CollectionViewHeader.m in Sources */ = {isa = PBXBuildFile; fileRef = F9272ECC19E27EF0007A5C61 /* CollectionViewHeader.m */; };
		F9272EF919E3BC4B007A5C61 /* CHQArrowRefreshView.m in Sources */ = {isa = PBXBuildFile; fileRef = F9272EEE19E3BC4A007A5C61 /* CHQArrowRefreshView.m */; };
		F9272EFA19E3BC4B007A5C61 /* CHQSpiralRefreshView.m in Sources */ = {isa = PBXBuildFile; fileRef = F9272EF019E3BC4B007A5C61 /* CHQSpiralRefreshView.m */; };
		F9272EFB19E3BC4B007A5C61 /* CHQPullToRefreshView.m in Sources */ = {isa = PBXBuildFile; fileRef = F9272EF219E3BC4B007A5C61 /* CHQPullToRefreshView.m */; };
		F9272EFC19E3BC4B007A5C61 /* UIScrollView+SVInfiniteScrolling.m in Sources */ = {isa = PBXBuildFile; fileRef = F9272EF619E3BC4B007A5C61 /* UIScrollView+SVInfiniteScrolling.m */; };
		F9272EFD19E3BC4B007A5C61 /* UIScrollView+SVPullToRefresh.m in Sources */ = {isa = PBXBuildFile; fileRef = F9272EF819E3BC4B007A5C61 /* UIScrollView+SVPullToRefresh.m */; };
		F955A98219E982F2006D29FB /* CHQEatBeansRefreshView.m in Sources */ = {isa = PBXBuildFile; fileRef = F955A98119E982F2006D29FB /* CHQEatBeansRefreshView.m */; };
		F955A98B19E985C0006D29FB /* Pac.m in Sources */ = {isa = PBXBuildFile; fileRef = F955A98619E985C0006D29FB /* Pac.m */; };
		F955A98C19E985C0006D29FB /* dot@2x.png in Resources */ = {isa = PBXBuildFile; fileRef = F955A98819E985C0006D29FB /* dot@2x.png */; };
		F955A98D19E985C0006D29FB /* pac-bottom@2x.png in Resources */ = {isa = PBXBuildFile; fileRef = F955A98919E985C0006D29FB /* pac-bottom@2x.png */; };
		F955A98E19E985C0006D29FB /* pac-top@2x.png in Resources */ = {isa = PBXBuildFile; fileRef = F955A98A19E985C0006D29FB /* pac-top@2x.png */; };
		F996728B19F7E54E002C43AD /* DetailViewController.m in Sources */ = {isa = PBXBuildFile; fileRef = F996728A19F7E54E002C43AD /* DetailViewController.m */; };
		F996728E19F7E600002C43AD /* ScaleAnimation.m in Sources */ = {isa = PBXBuildFile; fileRef = F996728D19F7E600002C43AD /* ScaleAnimation.m */; };
		F996729119F7EA9B002C43AD /* BaseAnimation.m in Sources */ = {isa = PBXBuildFile; fileRef = F996729019F7EA9B002C43AD /* BaseAnimation.m */; };
		F99672A219FBC107002C43AD /* CHQGIFRefreshView.m in Sources */ = {isa = PBXBuildFile; fileRef = F99672A119FBC107002C43AD /* CHQGIFRefreshView.m */; };
		F99672AA19FCEED6002C43AD /* cat.gif in Resources */ = {isa = PBXBuildFile; fileRef = F99672A419FCEED6002C43AD /* cat.gif */; };
		F99672AB19FCEED6002C43AD /* cupido@2x.gif in Resources */ = {isa = PBXBuildFile; fileRef = F99672A519FCEED6002C43AD /* cupido@2x.gif */; };
		F99672AC19FCEED6002C43AD /* jgr@2x.gif in Resources */ = {isa = PBXBuildFile; fileRef = F99672A619FCEED6002C43AD /* jgr@2x.gif */; };
		F99672AD19FCEED6002C43AD /* Preloader_10@2x.gif in Resources */ = {isa = PBXBuildFile; fileRef = F99672A719FCEED6002C43AD /* Preloader_10@2x.gif */; };
		F99672AE19FCEED6002C43AD /* run@2x.gif in Resources */ = {isa = PBXBuildFile; fileRef = F99672A819FCEED6002C43AD /* run@2x.gif */; };
		F99672AF19FCEED6002C43AD /* spinner_dropbox@2x.gif in Resources */ = {isa = PBXBuildFile; fileRef = F99672A919FCEED6002C43AD /* spinner_dropbox@2x.gif */; };
		F99672B319FCF035002C43AD /* AnimatedGIFImageSerialization.m in Sources */ = {isa = PBXBuildFile; fileRef = F99672B219FCF035002C43AD /* AnimatedGIFImageSerialization.m */; };
		F9A9AEC319FEA48B001DCA70 /* CHQInfiniteScrollingView.m in Sources */ = {isa = PBXBuildFile; fileRef = F9A9AEC219FEA48B001DCA70 /* CHQInfiniteScrollingView.m */; };
/* End PBXBuildFile section */

/* Begin PBXContainerItemProxy section */
		F9272EB619E27E09007A5C61 /* PBXContainerItemProxy */ = {
			isa = PBXContainerItemProxy;
			containerPortal = F9272E9419E27E09007A5C61 /* Project object */;
			proxyType = 1;
			remoteGlobalIDString = F9272E9B19E27E09007A5C61;
			remoteInfo = CHQPullToRefresh;
		};
/* End PBXContainerItemProxy section */

/* Begin PBXFileReference section */
		F9272E9C19E27E09007A5C61 /* CHQPullToRefresh.app */ = {isa = PBXFileReference; explicitFileType = wrapper.application; includeInIndex = 0; path = CHQPullToRefresh.app; sourceTree = BUILT_PRODUCTS_DIR; };
		F9272EA019E27E09007A5C61 /* Info.plist */ = {isa = PBXFileReference; lastKnownFileType = text.plist.xml; path = Info.plist; sourceTree = "<group>"; };
		F9272EA119E27E09007A5C61 /* main.m */ = {isa = PBXFileReference; lastKnownFileType = sourcecode.c.objc; path = main.m; sourceTree = "<group>"; };
		F9272EAC19E27E09007A5C61 /* Images.xcassets */ = {isa = PBXFileReference; lastKnownFileType = folder.assetcatalog; path = Images.xcassets; sourceTree = "<group>"; };
		F9272EB519E27E09007A5C61 /* CHQPullToRefreshTests.xctest */ = {isa = PBXFileReference; explicitFileType = wrapper.cfbundle; includeInIndex = 0; path = CHQPullToRefreshTests.xctest; sourceTree = BUILT_PRODUCTS_DIR; };
		F9272EBA19E27E09007A5C61 /* Info.plist */ = {isa = PBXFileReference; lastKnownFileType = text.plist.xml; path = Info.plist; sourceTree = "<group>"; };
		F9272EBB19E27E09007A5C61 /* CHQPullToRefreshTests.m */ = {isa = PBXFileReference; lastKnownFileType = sourcecode.c.objc; path = CHQPullToRefreshTests.m; sourceTree = "<group>"; };
		F9272EC519E27EF0007A5C61 /* AppDelegate.h */ = {isa = PBXFileReference; fileEncoding = 4; lastKnownFileType = sourcecode.c.h; path = AppDelegate.h; sourceTree = "<group>"; };
		F9272EC619E27EF0007A5C61 /* AppDelegate.m */ = {isa = PBXFileReference; fileEncoding = 4; lastKnownFileType = sourcecode.c.objc; path = AppDelegate.m; sourceTree = "<group>"; };
		F9272EC719E27EF0007A5C61 /* CollectionViewCell.h */ = {isa = PBXFileReference; fileEncoding = 4; lastKnownFileType = sourcecode.c.h; path = CollectionViewCell.h; sourceTree = "<group>"; };
		F9272EC819E27EF0007A5C61 /* CollectionViewCell.m */ = {isa = PBXFileReference; fileEncoding = 4; lastKnownFileType = sourcecode.c.objc; path = CollectionViewCell.m; sourceTree = "<group>"; };
		F9272EC919E27EF0007A5C61 /* CollectionViewController.h */ = {isa = PBXFileReference; fileEncoding = 4; lastKnownFileType = sourcecode.c.h; path = CollectionViewController.h; sourceTree = "<group>"; };
		F9272ECA19E27EF0007A5C61 /* CollectionViewController.m */ = {isa = PBXFileReference; fileEncoding = 4; lastKnownFileType = sourcecode.c.objc; path = CollectionViewController.m; sourceTree = "<group>"; };
		F9272ECB19E27EF0007A5C61 /* CollectionViewHeader.h */ = {isa = PBXFileReference; fileEncoding = 4; lastKnownFileType = sourcecode.c.h; path = CollectionViewHeader.h; sourceTree = "<group>"; };
		F9272ECC19E27EF0007A5C61 /* CollectionViewHeader.m */ = {isa = PBXFileReference; fileEncoding = 4; lastKnownFileType = sourcecode.c.objc; path = CollectionViewHeader.m; sourceTree = "<group>"; };
		F9272EED19E3BC4A007A5C61 /* CHQArrowRefreshView.h */ = {isa = PBXFileReference; fileEncoding = 4; lastKnownFileType = sourcecode.c.h; path = CHQArrowRefreshView.h; sourceTree = "<group>"; };
		F9272EEE19E3BC4A007A5C61 /* CHQArrowRefreshView.m */ = {isa = PBXFileReference; fileEncoding = 4; lastKnownFileType = sourcecode.c.objc; path = CHQArrowRefreshView.m; sourceTree = "<group>"; };
		F9272EEF19E3BC4A007A5C61 /* CHQSpiralRefreshView.h */ = {isa = PBXFileReference; fileEncoding = 4; lastKnownFileType = sourcecode.c.h; path = CHQSpiralRefreshView.h; sourceTree = "<group>"; };
		F9272EF019E3BC4B007A5C61 /* CHQSpiralRefreshView.m */ = {isa = PBXFileReference; fileEncoding = 4; lastKnownFileType = sourcecode.c.objc; path = CHQSpiralRefreshView.m; sourceTree = "<group>"; };
		F9272EF119E3BC4B007A5C61 /* CHQPullToRefreshView.h */ = {isa = PBXFileReference; fileEncoding = 4; lastKnownFileType = sourcecode.c.h; path = CHQPullToRefreshView.h; sourceTree = "<group>"; };
		F9272EF219E3BC4B007A5C61 /* CHQPullToRefreshView.m */ = {isa = PBXFileReference; fileEncoding = 4; lastKnownFileType = sourcecode.c.objc; path = CHQPullToRefreshView.m; sourceTree = "<group>"; };
		F9272EF419E3BC4B007A5C61 /* SVPullToRefresh.h */ = {isa = PBXFileReference; fileEncoding = 4; lastKnownFileType = sourcecode.c.h; path = SVPullToRefresh.h; sourceTree = "<group>"; };
		F9272EF519E3BC4B007A5C61 /* UIScrollView+SVInfiniteScrolling.h */ = {isa = PBXFileReference; fileEncoding = 4; lastKnownFileType = sourcecode.c.h; path = "UIScrollView+SVInfiniteScrolling.h"; sourceTree = "<group>"; };
		F9272EF619E3BC4B007A5C61 /* UIScrollView+SVInfiniteScrolling.m */ = {isa = PBXFileReference; fileEncoding = 4; lastKnownFileType = sourcecode.c.objc; path = "UIScrollView+SVInfiniteScrolling.m"; sourceTree = "<group>"; };
		F9272EF719E3BC4B007A5C61 /* UIScrollView+SVPullToRefresh.h */ = {isa = PBXFileReference; fileEncoding = 4; lastKnownFileType = sourcecode.c.h; path = "UIScrollView+SVPullToRefresh.h"; sourceTree = "<group>"; };
		F9272EF819E3BC4B007A5C61 /* UIScrollView+SVPullToRefresh.m */ = {isa = PBXFileReference; fileEncoding = 4; lastKnownFileType = sourcecode.c.objc; path = "UIScrollView+SVPullToRefresh.m"; sourceTree = "<group>"; };
		F955A98019E982F2006D29FB /* CHQEatBeansRefreshView.h */ = {isa = PBXFileReference; fileEncoding = 4; lastKnownFileType = sourcecode.c.h; path = CHQEatBeansRefreshView.h; sourceTree = "<group>"; };
		F955A98119E982F2006D29FB /* CHQEatBeansRefreshView.m */ = {isa = PBXFileReference; fileEncoding = 4; lastKnownFileType = sourcecode.c.objc; path = CHQEatBeansRefreshView.m; sourceTree = "<group>"; };
		F955A98419E985C0006D29FB /* Character.h */ = {isa = PBXFileReference; fileEncoding = 4; lastKnownFileType = sourcecode.c.h; path = Character.h; sourceTree = "<group>"; };
		F955A98519E985C0006D29FB /* Pac.h */ = {isa = PBXFileReference; fileEncoding = 4; lastKnownFileType = sourcecode.c.h; path = Pac.h; sourceTree = "<group>"; };
		F955A98619E985C0006D29FB /* Pac.m */ = {isa = PBXFileReference; fileEncoding = 4; lastKnownFileType = sourcecode.c.objc; path = Pac.m; sourceTree = "<group>"; };
		F955A98819E985C0006D29FB /* dot@2x.png */ = {isa = PBXFileReference; lastKnownFileType = image.png; path = "dot@2x.png"; sourceTree = "<group>"; };
		F955A98919E985C0006D29FB /* pac-bottom@2x.png */ = {isa = PBXFileReference; lastKnownFileType = image.png; path = "pac-bottom@2x.png"; sourceTree = "<group>"; };
		F955A98A19E985C0006D29FB /* pac-top@2x.png */ = {isa = PBXFileReference; lastKnownFileType = image.png; path = "pac-top@2x.png"; sourceTree = "<group>"; };
		F996728919F7E54E002C43AD /* DetailViewController.h */ = {isa = PBXFileReference; fileEncoding = 4; lastKnownFileType = sourcecode.c.h; path = DetailViewController.h; sourceTree = "<group>"; };
		F996728A19F7E54E002C43AD /* DetailViewController.m */ = {isa = PBXFileReference; fileEncoding = 4; lastKnownFileType = sourcecode.c.objc; path = DetailViewController.m; sourceTree = "<group>"; };
		F996728C19F7E600002C43AD /* ScaleAnimation.h */ = {isa = PBXFileReference; fileEncoding = 4; lastKnownFileType = sourcecode.c.h; path = ScaleAnimation.h; sourceTree = "<group>"; };
		F996728D19F7E600002C43AD /* ScaleAnimation.m */ = {isa = PBXFileReference; fileEncoding = 4; lastKnownFileType = sourcecode.c.objc; path = ScaleAnimation.m; sourceTree = "<group>"; };
		F996728F19F7EA9B002C43AD /* BaseAnimation.h */ = {isa = PBXFileReference; fileEncoding = 4; lastKnownFileType = sourcecode.c.h; path = BaseAnimation.h; sourceTree = "<group>"; };
		F996729019F7EA9B002C43AD /* BaseAnimation.m */ = {isa = PBXFileReference; fileEncoding = 4; lastKnownFileType = sourcecode.c.objc; path = BaseAnimation.m; sourceTree = "<group>"; };
		F99672A019FBC107002C43AD /* CHQGIFRefreshView.h */ = {isa = PBXFileReference; fileEncoding = 4; lastKnownFileType = sourcecode.c.h; path = CHQGIFRefreshView.h; sourceTree = "<group>"; };
		F99672A119FBC107002C43AD /* CHQGIFRefreshView.m */ = {isa = PBXFileReference; fileEncoding = 4; lastKnownFileType = sourcecode.c.objc; path = CHQGIFRefreshView.m; sourceTree = "<group>"; };
		F99672A419FCEED6002C43AD /* cat.gif */ = {isa = PBXFileReference; lastKnownFileType = image.gif; path = cat.gif; sourceTree = "<group>"; };
		F99672A519FCEED6002C43AD /* cupido@2x.gif */ = {isa = PBXFileReference; lastKnownFileType = image.gif; path = "cupido@2x.gif"; sourceTree = "<group>"; };
		F99672A619FCEED6002C43AD /* jgr@2x.gif */ = {isa = PBXFileReference; lastKnownFileType = image.gif; path = "jgr@2x.gif"; sourceTree = "<group>"; };
		F99672A719FCEED6002C43AD /* Preloader_10@2x.gif */ = {isa = PBXFileReference; lastKnownFileType = image.gif; path = "Preloader_10@2x.gif"; sourceTree = "<group>"; };
		F99672A819FCEED6002C43AD /* run@2x.gif */ = {isa = PBXFileReference; lastKnownFileType = image.gif; path = "run@2x.gif"; sourceTree = "<group>"; };
		F99672A919FCEED6002C43AD /* spinner_dropbox@2x.gif */ = {isa = PBXFileReference; lastKnownFileType = image.gif; path = "spinner_dropbox@2x.gif"; sourceTree = "<group>"; };
		F99672B119FCF035002C43AD /* AnimatedGIFImageSerialization.h */ = {isa = PBXFileReference; fileEncoding = 4; lastKnownFileType = sourcecode.c.h; path = AnimatedGIFImageSerialization.h; sourceTree = "<group>"; };
		F99672B219FCF035002C43AD /* AnimatedGIFImageSerialization.m */ = {isa = PBXFileReference; fileEncoding = 4; lastKnownFileType = sourcecode.c.objc; path = AnimatedGIFImageSerialization.m; sourceTree = "<group>"; };
		F9A9AEC119FEA48B001DCA70 /* CHQInfiniteScrollingView.h */ = {isa = PBXFileReference; fileEncoding = 4; lastKnownFileType = sourcecode.c.h; path = CHQInfiniteScrollingView.h; sourceTree = "<group>"; };
		F9A9AEC219FEA48B001DCA70 /* CHQInfiniteScrollingView.m */ = {isa = PBXFileReference; fileEncoding = 4; lastKnownFileType = sourcecode.c.objc; path = CHQInfiniteScrollingView.m; sourceTree = "<group>"; };
/* End PBXFileReference section */

/* Begin PBXFrameworksBuildPhase section */
		F9272E9919E27E09007A5C61 /* Frameworks */ = {
			isa = PBXFrameworksBuildPhase;
			buildActionMask = 2147483647;
			files = (
			);
			runOnlyForDeploymentPostprocessing = 0;
		};
		F9272EB219E27E09007A5C61 /* Frameworks */ = {
			isa = PBXFrameworksBuildPhase;
			buildActionMask = 2147483647;
			files = (
			);
			runOnlyForDeploymentPostprocessing = 0;
		};
/* End PBXFrameworksBuildPhase section */

/* Begin PBXGroup section */
		F9272E9319E27E09007A5C61 = {
			isa = PBXGroup;
			children = (
				F9272E9E19E27E09007A5C61 /* CHQPullToRefresh */,
				F9272EB819E27E09007A5C61 /* CHQPullToRefreshTests */,
				F9272E9D19E27E09007A5C61 /* Products */,
			);
			sourceTree = "<group>";
		};
		F9272E9D19E27E09007A5C61 /* Products */ = {
			isa = PBXGroup;
			children = (
				F9272E9C19E27E09007A5C61 /* CHQPullToRefresh.app */,
				F9272EB519E27E09007A5C61 /* CHQPullToRefreshTests.xctest */,
			);
			name = Products;
			sourceTree = "<group>";
		};
		F9272E9E19E27E09007A5C61 /* CHQPullToRefresh */ = {
			isa = PBXGroup;
			children = (
				F996728F19F7EA9B002C43AD /* BaseAnimation.h */,
				F996729019F7EA9B002C43AD /* BaseAnimation.m */,
				F996728C19F7E600002C43AD /* ScaleAnimation.h */,
				F996728D19F7E600002C43AD /* ScaleAnimation.m */,
				F9272EEB19E3BC4A007A5C61 /* CHQPullToRefreshView */,
				F9272EC519E27EF0007A5C61 /* AppDelegate.h */,
				F9272EC619E27EF0007A5C61 /* AppDelegate.m */,
				F9272EC719E27EF0007A5C61 /* CollectionViewCell.h */,
				F9272EC819E27EF0007A5C61 /* CollectionViewCell.m */,
				F9272EC919E27EF0007A5C61 /* CollectionViewController.h */,
				F9272ECA19E27EF0007A5C61 /* CollectionViewController.m */,
				F9272ECB19E27EF0007A5C61 /* CollectionViewHeader.h */,
				F9272ECC19E27EF0007A5C61 /* CollectionViewHeader.m */,
				F9272EAC19E27E09007A5C61 /* Images.xcassets */,
				F9272E9F19E27E09007A5C61 /* Supporting Files */,
				F996728919F7E54E002C43AD /* DetailViewController.h */,
				F996728A19F7E54E002C43AD /* DetailViewController.m */,
			);
			path = CHQPullToRefresh;
			sourceTree = "<group>";
		};
		F9272E9F19E27E09007A5C61 /* Supporting Files */ = {
			isa = PBXGroup;
			children = (
				F9272EA019E27E09007A5C61 /* Info.plist */,
				F9272EA119E27E09007A5C61 /* main.m */,
			);
			name = "Supporting Files";
			sourceTree = "<group>";
		};
		F9272EB819E27E09007A5C61 /* CHQPullToRefreshTests */ = {
			isa = PBXGroup;
			children = (
				F9272EBB19E27E09007A5C61 /* CHQPullToRefreshTests.m */,
				F9272EB919E27E09007A5C61 /* Supporting Files */,
			);
			path = CHQPullToRefreshTests;
			sourceTree = "<group>";
		};
		F9272EB919E27E09007A5C61 /* Supporting Files */ = {
			isa = PBXGroup;
			children = (
				F9272EBA19E27E09007A5C61 /* Info.plist */,
			);
			name = "Supporting Files";
			sourceTree = "<group>";
		};
		F9272EEB19E3BC4A007A5C61 /* CHQPullToRefreshView */ = {
			isa = PBXGroup;
			children = (
				F9A9AEC019FEA458001DCA70 /* CHQInfiniteScrollingCustomView */,
				F9272EEC19E3BC4A007A5C61 /* CHQPullToRefreshCustomView */,
				F9272EF119E3BC4B007A5C61 /* CHQPullToRefreshView.h */,
				F9272EF219E3BC4B007A5C61 /* CHQPullToRefreshView.m */,
				F9272EF319E3BC4B007A5C61 /* SVPullToRefresh */,
				F9A9AEC119FEA48B001DCA70 /* CHQInfiniteScrollingView.h */,
				F9A9AEC219FEA48B001DCA70 /* CHQInfiniteScrollingView.m */,
			);
			path = CHQPullToRefreshView;
			sourceTree = "<group>";
		};
		F9272EEC19E3BC4A007A5C61 /* CHQPullToRefreshCustomView */ = {
			isa = PBXGroup;
			children = (
				F996729F19FBC0D5002C43AD /* CHQGIFRefreshView */,
				F955A97F19E9827E006D29FB /* CHQEatBeansRefreshView */,
				F9272EED19E3BC4A007A5C61 /* CHQArrowRefreshView.h */,
				F9272EEE19E3BC4A007A5C61 /* CHQArrowRefreshView.m */,
				F9272EEF19E3BC4A007A5C61 /* CHQSpiralRefreshView.h */,
				F9272EF019E3BC4B007A5C61 /* CHQSpiralRefreshView.m */,
			);
			path = CHQPullToRefreshCustomView;
			sourceTree = "<group>";
		};
		F9272EF319E3BC4B007A5C61 /* SVPullToRefresh */ = {
			isa = PBXGroup;
			children = (
				F9272EF419E3BC4B007A5C61 /* SVPullToRefresh.h */,
				F9272EF519E3BC4B007A5C61 /* UIScrollView+SVInfiniteScrolling.h */,
				F9272EF619E3BC4B007A5C61 /* UIScrollView+SVInfiniteScrolling.m */,
				F9272EF719E3BC4B007A5C61 /* UIScrollView+SVPullToRefresh.h */,
				F9272EF819E3BC4B007A5C61 /* UIScrollView+SVPullToRefresh.m */,
			);
			path = SVPullToRefresh;
			sourceTree = "<group>";
		};
		F955A97F19E9827E006D29FB /* CHQEatBeansRefreshView */ = {
			isa = PBXGroup;
			children = (
				F955A98319E985C0006D29FB /* Characters */,
				F955A98719E985C0006D29FB /* images */,
				F955A98019E982F2006D29FB /* CHQEatBeansRefreshView.h */,
				F955A98119E982F2006D29FB /* CHQEatBeansRefreshView.m */,
			);
			path = CHQEatBeansRefreshView;
			sourceTree = "<group>";
		};
		F955A98319E985C0006D29FB /* Characters */ = {
			isa = PBXGroup;
			children = (
				F955A98419E985C0006D29FB /* Character.h */,
				F955A98519E985C0006D29FB /* Pac.h */,
				F955A98619E985C0006D29FB /* Pac.m */,
			);
			path = Characters;
			sourceTree = "<group>";
		};
		F955A98719E985C0006D29FB /* images */ = {
			isa = PBXGroup;
			children = (
				F955A98819E985C0006D29FB /* dot@2x.png */,
				F955A98919E985C0006D29FB /* pac-bottom@2x.png */,
				F955A98A19E985C0006D29FB /* pac-top@2x.png */,
			);
			path = images;
			sourceTree = "<group>";
		};
		F996729F19FBC0D5002C43AD /* CHQGIFRefreshView */ = {
			isa = PBXGroup;
			children = (
				F99672B019FCF035002C43AD /* AnimatedGIFImageSerialization */,
				F99672A319FBC850002C43AD /* gifs */,
				F99672A019FBC107002C43AD /* CHQGIFRefreshView.h */,
				F99672A119FBC107002C43AD /* CHQGIFRefreshView.m */,
			);
			path = CHQGIFRefreshView;
			sourceTree = "<group>";
		};
		F99672A319FBC850002C43AD /* gifs */ = {
			isa = PBXGroup;
			children = (
				F99672A419FCEED6002C43AD /* cat.gif */,
				F99672A519FCEED6002C43AD /* cupido@2x.gif */,
				F99672A619FCEED6002C43AD /* jgr@2x.gif */,
				F99672A719FCEED6002C43AD /* Preloader_10@2x.gif */,
				F99672A819FCEED6002C43AD /* run@2x.gif */,
				F99672A919FCEED6002C43AD /* spinner_dropbox@2x.gif */,
			);
			path = gifs;
			sourceTree = "<group>";
		};
		F99672B019FCF035002C43AD /* AnimatedGIFImageSerialization */ = {
			isa = PBXGroup;
			children = (
				F99672B119FCF035002C43AD /* AnimatedGIFImageSerialization.h */,
				F99672B219FCF035002C43AD /* AnimatedGIFImageSerialization.m */,
			);
			path = AnimatedGIFImageSerialization;
			sourceTree = "<group>";
		};
		F9A9AEC019FEA458001DCA70 /* CHQInfiniteScrollingCustomView */ = {
			isa = PBXGroup;
			children = (
			);
			path = CHQInfiniteScrollingCustomView;
			sourceTree = "<group>";
		};
/* End PBXGroup section */

/* Begin PBXNativeTarget section */
		F9272E9B19E27E09007A5C61 /* CHQPullToRefresh */ = {
			isa = PBXNativeTarget;
			buildConfigurationList = F9272EBF19E27E09007A5C61 /* Build configuration list for PBXNativeTarget "CHQPullToRefresh" */;
			buildPhases = (
				F9272E9819E27E09007A5C61 /* Sources */,
				F9272E9919E27E09007A5C61 /* Frameworks */,
				F9272E9A19E27E09007A5C61 /* Resources */,
			);
			buildRules = (
			);
			dependencies = (
			);
			name = CHQPullToRefresh;
			productName = CHQPullToRefresh;
			productReference = F9272E9C19E27E09007A5C61 /* CHQPullToRefresh.app */;
			productType = "com.apple.product-type.application";
		};
		F9272EB419E27E09007A5C61 /* CHQPullToRefreshTests */ = {
			isa = PBXNativeTarget;
			buildConfigurationList = F9272EC219E27E09007A5C61 /* Build configuration list for PBXNativeTarget "CHQPullToRefreshTests" */;
			buildPhases = (
				F9272EB119E27E09007A5C61 /* Sources */,
				F9272EB219E27E09007A5C61 /* Frameworks */,
				F9272EB319E27E09007A5C61 /* Resources */,
			);
			buildRules = (
			);
			dependencies = (
				F9272EB719E27E09007A5C61 /* PBXTargetDependency */,
			);
			name = CHQPullToRefreshTests;
			productName = CHQPullToRefreshTests;
			productReference = F9272EB519E27E09007A5C61 /* CHQPullToRefreshTests.xctest */;
			productType = "com.apple.product-type.bundle.unit-test";
		};
/* End PBXNativeTarget section */

/* Begin PBXProject section */
		F9272E9419E27E09007A5C61 /* Project object */ = {
			isa = PBXProject;
			attributes = {
				LastUpgradeCheck = 0600;
				ORGANIZATIONNAME = "陈鸿强";
				TargetAttributes = {
					F9272E9B19E27E09007A5C61 = {
						CreatedOnToolsVersion = 6.0.1;
					};
					F9272EB419E27E09007A5C61 = {
						CreatedOnToolsVersion = 6.0.1;
						TestTargetID = F9272E9B19E27E09007A5C61;
					};
				};
			};
			buildConfigurationList = F9272E9719E27E09007A5C61 /* Build configuration list for PBXProject "CHQPullToRefresh" */;
			compatibilityVersion = "Xcode 3.2";
			developmentRegion = English;
			hasScannedForEncodings = 0;
			knownRegions = (
				en,
				Base,
			);
			mainGroup = F9272E9319E27E09007A5C61;
			productRefGroup = F9272E9D19E27E09007A5C61 /* Products */;
			projectDirPath = "";
			projectRoot = "";
			targets = (
				F9272E9B19E27E09007A5C61 /* CHQPullToRefresh */,
				F9272EB419E27E09007A5C61 /* CHQPullToRefreshTests */,
			);
		};
/* End PBXProject section */

/* Begin PBXResourcesBuildPhase section */
		F9272E9A19E27E09007A5C61 /* Resources */ = {
			isa = PBXResourcesBuildPhase;
			buildActionMask = 2147483647;
			files = (
				F99672AC19FCEED6002C43AD /* jgr@2x.gif in Resources */,
				F955A98C19E985C0006D29FB /* dot@2x.png in Resources */,
				F99672AF19FCEED6002C43AD /* spinner_dropbox@2x.gif in Resources */,
				F99672AB19FCEED6002C43AD /* cupido@2x.gif in Resources */,
				F955A98D19E985C0006D29FB /* pac-bottom@2x.png in Resources */,
				F99672AA19FCEED6002C43AD /* cat.gif in Resources */,
				F9272EAD19E27E09007A5C61 /* Images.xcassets in Resources */,
				F955A98E19E985C0006D29FB /* pac-top@2x.png in Resources */,
				F99672AE19FCEED6002C43AD /* run@2x.gif in Resources */,
				F99672AD19FCEED6002C43AD /* Preloader_10@2x.gif in Resources */,
			);
			runOnlyForDeploymentPostprocessing = 0;
		};
		F9272EB319E27E09007A5C61 /* Resources */ = {
			isa = PBXResourcesBuildPhase;
			buildActionMask = 2147483647;
			files = (
			);
			runOnlyForDeploymentPostprocessing = 0;
		};
/* End PBXResourcesBuildPhase section */

/* Begin PBXSourcesBuildPhase section */
		F9272E9819E27E09007A5C61 /* Sources */ = {
			isa = PBXSourcesBuildPhase;
			buildActionMask = 2147483647;
			files = (
				F955A98B19E985C0006D29FB /* Pac.m in Sources */,
				F99672B319FCF035002C43AD /* AnimatedGIFImageSerialization.m in Sources */,
				F996728E19F7E600002C43AD /* ScaleAnimation.m in Sources */,
				F9272EFA19E3BC4B007A5C61 /* CHQSpiralRefreshView.m in Sources */,
				F9272ED919E27EF0007A5C61 /* AppDelegate.m in Sources */,
				F9272EFC19E3BC4B007A5C61 /* UIScrollView+SVInfiniteScrolling.m in Sources */,
				F9272EDC19E27EF0007A5C61 /* CollectionViewHeader.m in Sources */,
				F9272EFD19E3BC4B007A5C61 /* UIScrollView+SVPullToRefresh.m in Sources */,
				F955A98219E982F2006D29FB /* CHQEatBeansRefreshView.m in Sources */,
				F9272EDB19E27EF0007A5C61 /* CollectionViewController.m in Sources */,
				F996729119F7EA9B002C43AD /* BaseAnimation.m in Sources */,
				F9A9AEC319FEA48B001DCA70 /* CHQInfiniteScrollingView.m in Sources */,
				F99672A219FBC107002C43AD /* CHQGIFRefreshView.m in Sources */,
				F9272EDA19E27EF0007A5C61 /* CollectionViewCell.m in Sources */,
				F996728B19F7E54E002C43AD /* DetailViewController.m in Sources */,
				F9272EA219E27E09007A5C61 /* main.m in Sources */,
				F9272EF919E3BC4B007A5C61 /* CHQArrowRefreshView.m in Sources */,
				F9272EFB19E3BC4B007A5C61 /* CHQPullToRefreshView.m in Sources */,
			);
			runOnlyForDeploymentPostprocessing = 0;
		};
		F9272EB119E27E09007A5C61 /* Sources */ = {
			isa = PBXSourcesBuildPhase;
			buildActionMask = 2147483647;
			files = (
				F9272EBC19E27E09007A5C61 /* CHQPullToRefreshTests.m in Sources */,
			);
			runOnlyForDeploymentPostprocessing = 0;
		};
/* End PBXSourcesBuildPhase section */

/* Begin PBXTargetDependency section */
		F9272EB719E27E09007A5C61 /* PBXTargetDependency */ = {
			isa = PBXTargetDependency;
			target = F9272E9B19E27E09007A5C61 /* CHQPullToRefresh */;
			targetProxy = F9272EB619E27E09007A5C61 /* PBXContainerItemProxy */;
		};
/* End PBXTargetDependency section */

/* Begin XCBuildConfiguration section */
		F9272EBD19E27E09007A5C61 /* Debug */ = {
			isa = XCBuildConfiguration;
			buildSettings = {
				ALWAYS_SEARCH_USER_PATHS = NO;
				CLANG_CXX_LANGUAGE_STANDARD = "gnu++0x";
				CLANG_CXX_LIBRARY = "libc++";
				CLANG_ENABLE_MODULES = YES;
				CLANG_ENABLE_OBJC_ARC = YES;
				CLANG_WARN_BOOL_CONVERSION = YES;
				CLANG_WARN_CONSTANT_CONVERSION = YES;
				CLANG_WARN_DIRECT_OBJC_ISA_USAGE = YES_ERROR;
				CLANG_WARN_EMPTY_BODY = YES;
				CLANG_WARN_ENUM_CONVERSION = YES;
				CLANG_WARN_INT_CONVERSION = YES;
				CLANG_WARN_OBJC_ROOT_CLASS = YES_ERROR;
				CLANG_WARN_UNREACHABLE_CODE = YES;
				CLANG_WARN__DUPLICATE_METHOD_MATCH = YES;
				"CODE_SIGN_IDENTITY[sdk=iphoneos*]" = "iPhone Developer";
				COPY_PHASE_STRIP = NO;
				ENABLE_STRICT_OBJC_MSGSEND = YES;
				GCC_C_LANGUAGE_STANDARD = gnu99;
				GCC_DYNAMIC_NO_PIC = NO;
				GCC_OPTIMIZATION_LEVEL = 0;
				GCC_PREPROCESSOR_DEFINITIONS = (
					"DEBUG=1",
					"$(inherited)",
				);
				GCC_SYMBOLS_PRIVATE_EXTERN = NO;
				GCC_WARN_64_TO_32_BIT_CONVERSION = YES;
				GCC_WARN_ABOUT_RETURN_TYPE = YES_ERROR;
				GCC_WARN_UNDECLARED_SELECTOR = YES;
				GCC_WARN_UNINITIALIZED_AUTOS = YES_AGGRESSIVE;
				GCC_WARN_UNUSED_FUNCTION = YES;
				GCC_WARN_UNUSED_VARIABLE = YES;
				IPHONEOS_DEPLOYMENT_TARGET = 8.0;
				MTL_ENABLE_DEBUG_INFO = YES;
				ONLY_ACTIVE_ARCH = YES;
				SDKROOT = iphoneos;
				TARGETED_DEVICE_FAMILY = "1,2";
			};
			name = Debug;
		};
		F9272EBE19E27E09007A5C61 /* Release */ = {
			isa = XCBuildConfiguration;
			buildSettings = {
				ALWAYS_SEARCH_USER_PATHS = NO;
				CLANG_CXX_LANGUAGE_STANDARD = "gnu++0x";
				CLANG_CXX_LIBRARY = "libc++";
				CLANG_ENABLE_MODULES = YES;
				CLANG_ENABLE_OBJC_ARC = YES;
				CLANG_WARN_BOOL_CONVERSION = YES;
				CLANG_WARN_CONSTANT_CONVERSION = YES;
				CLANG_WARN_DIRECT_OBJC_ISA_USAGE = YES_ERROR;
				CLANG_WARN_EMPTY_BODY = YES;
				CLANG_WARN_ENUM_CONVERSION = YES;
				CLANG_WARN_INT_CONVERSION = YES;
				CLANG_WARN_OBJC_ROOT_CLASS = YES_ERROR;
				CLANG_WARN_UNREACHABLE_CODE = YES;
				CLANG_WARN__DUPLICATE_METHOD_MATCH = YES;
				"CODE_SIGN_IDENTITY[sdk=iphoneos*]" = "iPhone Developer";
				COPY_PHASE_STRIP = YES;
				ENABLE_NS_ASSERTIONS = NO;
				ENABLE_STRICT_OBJC_MSGSEND = YES;
				GCC_C_LANGUAGE_STANDARD = gnu99;
				GCC_WARN_64_TO_32_BIT_CONVERSION = YES;
				GCC_WARN_ABOUT_RETURN_TYPE = YES_ERROR;
				GCC_WARN_UNDECLARED_SELECTOR = YES;
				GCC_WARN_UNINITIALIZED_AUTOS = YES_AGGRESSIVE;
				GCC_WARN_UNUSED_FUNCTION = YES;
				GCC_WARN_UNUSED_VARIABLE = YES;
				IPHONEOS_DEPLOYMENT_TARGET = 8.0;
				MTL_ENABLE_DEBUG_INFO = NO;
				SDKROOT = iphoneos;
				TARGETED_DEVICE_FAMILY = "1,2";
				VALIDATE_PRODUCT = YES;
			};
			name = Release;
		};
		F9272EC019E27E09007A5C61 /* Debug */ = {
			isa = XCBuildConfiguration;
			buildSettings = {
				ASSETCATALOG_COMPILER_APPICON_NAME = AppIcon;
				INFOPLIST_FILE = CHQPullToRefresh/Info.plist;
				LD_RUNPATH_SEARCH_PATHS = "$(inherited) @executable_path/Frameworks";
				PRODUCT_NAME = "$(TARGET_NAME)";
			};
			name = Debug;
		};
		F9272EC119E27E09007A5C61 /* Release */ = {
			isa = XCBuildConfiguration;
			buildSettings = {
				ASSETCATALOG_COMPILER_APPICON_NAME = AppIcon;
				INFOPLIST_FILE = CHQPullToRefresh/Info.plist;
				LD_RUNPATH_SEARCH_PATHS = "$(inherited) @executable_path/Frameworks";
				PRODUCT_NAME = "$(TARGET_NAME)";
			};
			name = Release;
		};
		F9272EC319E27E09007A5C61 /* Debug */ = {
			isa = XCBuildConfiguration;
			buildSettings = {
				BUNDLE_LOADER = "$(TEST_HOST)";
				FRAMEWORK_SEARCH_PATHS = (
					"$(SDKROOT)/Developer/Library/Frameworks",
					"$(inherited)",
				);
				GCC_PREPROCESSOR_DEFINITIONS = (
					"DEBUG=1",
					"$(inherited)",
				);
				INFOPLIST_FILE = CHQPullToRefreshTests/Info.plist;
				LD_RUNPATH_SEARCH_PATHS = "$(inherited) @executable_path/Frameworks @loader_path/Frameworks";
				PRODUCT_NAME = "$(TARGET_NAME)";
				TEST_HOST = "$(BUILT_PRODUCTS_DIR)/CHQPullToRefresh.app/CHQPullToRefresh";
			};
			name = Debug;
		};
		F9272EC419E27E09007A5C61 /* Release */ = {
			isa = XCBuildConfiguration;
			buildSettings = {
				BUNDLE_LOADER = "$(TEST_HOST)";
				FRAMEWORK_SEARCH_PATHS = (
					"$(SDKROOT)/Developer/Library/Frameworks",
					"$(inherited)",
				);
				INFOPLIST_FILE = CHQPullToRefreshTests/Info.plist;
				LD_RUNPATH_SEARCH_PATHS = "$(inherited) @executable_path/Frameworks @loader_path/Frameworks";
				PRODUCT_NAME = "$(TARGET_NAME)";
				TEST_HOST = "$(BUILT_PRODUCTS_DIR)/CHQPullToRefresh.app/CHQPullToRefresh";
			};
			name = Release;
		};
/* End XCBuildConfiguration section */

/* Begin XCConfigurationList section */
		F9272E9719E27E09007A5C61 /* Build configuration list for PBXProject "CHQPullToRefresh" */ = {
			isa = XCConfigurationList;
			buildConfigurations = (
				F9272EBD19E27E09007A5C61 /* Debug */,
				F9272EBE19E27E09007A5C61 /* Release */,
			);
			defaultConfigurationIsVisible = 0;
			defaultConfigurationName = Release;
		};
		F9272EBF19E27E09007A5C61 /* Build configuration list for PBXNativeTarget "CHQPullToRefresh" */ = {
			isa = XCConfigurationList;
			buildConfigurations = (
				F9272EC019E27E09007A5C61 /* Debug */,
				F9272EC119E27E09007A5C61 /* Release */,
			);
			defaultConfigurationIsVisible = 0;
			defaultConfigurationName = Release;
		};
		F9272EC219E27E09007A5C61 /* Build configuration list for PBXNativeTarget "CHQPullToRefreshTests" */ = {
			isa = XCConfigurationList;
			buildConfigurations = (
				F9272EC319E27E09007A5C61 /* Debug */,
				F9272EC419E27E09007A5C61 /* Release */,
			);
			defaultConfigurationIsVisible = 0;
			defaultConfigurationName = Release;
		};
/* End XCConfigurationList section */
	};
	rootObject = F9272E9419E27E09007A5C61 /* Project object */;
}
